{
    "name": "Pomelo_Server",
    "version": "0.0.1",
    "lockfileVersion": 1,
    "requires": true,
    "dependencies": {
        "accepts": {
            "version": "1.3.3",
            "resolved": "https://registry.npmjs.org/accepts/-/accepts-1.3.3.tgz",
            "integrity": "sha1-w8p0NJOGSMPg2cHjKN1otiLChMo=",
            "requires": {
                "mime-types": "2.1.19",
                "negotiator": "0.6.1"
            }
        },
        "after": {
            "version": "0.8.2",
            "resolved": "https://registry.npmjs.org/after/-/after-0.8.2.tgz",
            "integrity": "sha1-/ts5T58OAqqXaOcCvaI7UF+ufh8="
        },
        "arraybuffer.slice": {
            "version": "0.0.6",
            "resolved": "https://registry.npmjs.org/arraybuffer.slice/-/arraybuffer.slice-0.0.6.tgz",
            "integrity": "sha1-8zshWfBTKj8xB6JywMz70a0peco="
        },
        "async": {
            "version": "0.2.5",
            "resolved": "https://registry.npmjs.org/async/-/async-0.2.5.tgz",
            "integrity": "sha1-RfBdpIB0m6TB3NjNOjdHrns2/lI="
        },
        "backo2": {
            "version": "1.0.2",
            "resolved": "https://registry.npmjs.org/backo2/-/backo2-1.0.2.tgz",
            "integrity": "sha1-MasayLEpNjRj41s+u2n038+6eUc="
        },
        "base64-arraybuffer": {
            "version": "0.1.5",
            "resolved": "https://registry.npmjs.org/base64-arraybuffer/-/base64-arraybuffer-0.1.5.tgz",
            "integrity": "sha1-c5JncZI7Whl0etZmqlzUv5xunOg="
        },
        "base64-js": {
            "version": "0.0.2",
            "resolved": "https://registry.npmjs.org/base64-js/-/base64-js-0.0.2.tgz",
            "integrity": "sha1-Ak8Pcq+iW3X5wO5zzU9V7Bvtl4Q="
        },
        "base64id": {
            "version": "1.0.0",
            "resolved": "https://registry.npmjs.org/base64id/-/base64id-1.0.0.tgz",
            "integrity": "sha1-R2iMuZu2gE8OBtPnY7HDLlfY5rY="
        },
        "bearcat-buffer": {
            "version": "0.1.1",
            "resolved": "https://registry.npmjs.org/bearcat-buffer/-/bearcat-buffer-0.1.1.tgz",
            "integrity": "sha1-K7nJ/KYY0HRQHnN8fycY9ijOcSY="
        },
        "better-assert": {
            "version": "1.0.2",
            "resolved": "https://registry.npmjs.org/better-assert/-/better-assert-1.0.2.tgz",
            "integrity": "sha1-QIZrnhueC1W0gYlDEeaPr/rrxSI=",
            "requires": {
                "callsite": "1.0.0"
            }
        },
        "bl": {
            "version": "1.2.2",
            "resolved": "https://registry.npmjs.org/bl/-/bl-1.2.2.tgz",
            "integrity": "sha512-e8tQYnZodmebYDWGH7KMRvtzKXaJHx3BbilrgZCfvyLUYdKpK1t5PSPmpkny/SgiTSCnjfLW7v5rlONXVFkQEA==",
            "requires": {
                "readable-stream": "2.3.6",
                "safe-buffer": "5.1.2"
            },
            "dependencies": {
                "isarray": {
                    "version": "1.0.0",
                    "resolved": "https://registry.npmjs.org/isarray/-/isarray-1.0.0.tgz",
                    "integrity": "sha1-u5NdSFgsuhaMBoNJV6VKPgcSTxE="
                },
                "readable-stream": {
                    "version": "2.3.6",
                    "resolved": "https://registry.npmjs.org/readable-stream/-/readable-stream-2.3.6.tgz",
                    "integrity": "sha512-tQtKA9WIAhBF3+VLAseyMqZeBjW0AHJoxOtYqSUZNJxauErmLbVm2FW1y+J/YA9dUrAC39ITejlZWhVIwawkKw==",
                    "requires": {
                        "core-util-is": "1.0.2",
                        "inherits": "2.0.3",
                        "isarray": "1.0.0",
                        "process-nextick-args": "2.0.0",
                        "safe-buffer": "5.1.2",
                        "string_decoder": "1.1.1",
                        "util-deprecate": "1.0.2"
                    }
                },
                "string_decoder": {
                    "version": "1.1.1",
                    "resolved": "https://registry.npmjs.org/string_decoder/-/string_decoder-1.1.1.tgz",
                    "integrity": "sha512-n/ShnvDi6FHbbVfviro+WojiFzv+s8MPMHBczVePfUpDJLwoLT0ht1l4YwBCbi8pJAveEEdnkHyPyTP/mzRfwg==",
                    "requires": {
                        "safe-buffer": "5.1.2"
                    }
                }
            }
        },
        "blob": {
            "version": "0.0.4",
            "resolved": "https://registry.npmjs.org/blob/-/blob-0.0.4.tgz",
            "integrity": "sha1-vPEwUspURj8w+fx+lbmkdjCpSSE="
        },
        "bops": {
            "version": "0.1.1",
            "resolved": "https://registry.npmjs.org/bops/-/bops-0.1.1.tgz",
            "integrity": "sha1-Bi4CqNqoAfoQ8uXb5nQM/4Af4X4=",
            "requires": {
                "base64-js": "0.0.2",
                "to-utf8": "0.0.1"
            }
        },
        "callsite": {
            "version": "1.0.0",
            "resolved": "https://registry.npmjs.org/callsite/-/callsite-1.0.0.tgz",
            "integrity": "sha1-KAOY5dZkvXQDi28JBRU+borxvCA="
        },
        "circular-json": {
            "version": "0.5.5",
            "resolved": "https://registry.npmjs.org/circular-json/-/circular-json-0.5.5.tgz",
            "integrity": "sha512-13YaR6kiz0kBNmIVM87Io8Hp7bWOo4r61vkEANy8iH9R9bc6avud/1FT0SBpqR1RpIQADOh/Q+yHZDA1iL6ysA=="
        },
        "cliff": {
            "version": "0.1.8",
            "resolved": "https://registry.npmjs.org/cliff/-/cliff-0.1.8.tgz",
            "integrity": "sha1-Q8qK2f45Q0iWk6ti3ODK4iUJ0nI=",
            "requires": {
                "colors": "0.6.2",
                "eyes": "0.1.8",
                "winston": "0.6.2"
            }
        },
        "colors": {
            "version": "0.6.2",
            "resolved": "https://registry.npmjs.org/colors/-/colors-0.6.2.tgz",
            "integrity": "sha1-JCP+ZnisDF2uiFLl0OW+CMmXq8w="
        },
        "commander": {
            "version": "2.0.0",
            "resolved": "https://registry.npmjs.org/commander/-/commander-2.0.0.tgz",
            "integrity": "sha1-0bhvkB+LZL2UG96tr5JFMDk76Sg="
        },
        "component-bind": {
            "version": "1.0.0",
            "resolved": "https://registry.npmjs.org/component-bind/-/component-bind-1.0.0.tgz",
            "integrity": "sha1-AMYIq33Nk4l8AAllGx06jh5zu9E="
        },
        "component-emitter": {
            "version": "1.1.2",
            "resolved": "https://registry.npmjs.org/component-emitter/-/component-emitter-1.1.2.tgz",
            "integrity": "sha1-KWWU8nU9qmOZbSrwjRWpURbJrsM="
        },
        "component-inherit": {
            "version": "0.0.3",
            "resolved": "https://registry.npmjs.org/component-inherit/-/component-inherit-0.0.3.tgz",
            "integrity": "sha1-ZF/ErfWLcrZJ1crmUTVhnbJv8UM="
        },
        "cookie": {
            "version": "0.3.1",
            "resolved": "https://registry.npmjs.org/cookie/-/cookie-0.3.1.tgz",
            "integrity": "sha1-5+Ch+e9DtMi6klxcWpboBtFoc7s="
        },
        "core-util-is": {
            "version": "1.0.2",
            "resolved": "https://registry.npmjs.org/core-util-is/-/core-util-is-1.0.2.tgz",
            "integrity": "sha1-tf1UIgqivFq1eqtxQMlAdUUDwac="
        },
        "crc": {
            "version": "0.2.0",
            "resolved": "https://registry.npmjs.org/crc/-/crc-0.2.0.tgz",
            "integrity": "sha1-9Ehrm/ChLfg8P8oU4x4DD9q9lFQ="
        },
        "cycle": {
            "version": "1.0.3",
            "resolved": "https://registry.npmjs.org/cycle/-/cycle-1.0.3.tgz",
            "integrity": "sha1-IegLK+hYD5i0aPN5QwZisEbDStI="
        },
        "date-format": {
            "version": "1.2.0",
            "resolved": "https://registry.npmjs.org/date-format/-/date-format-1.2.0.tgz",
            "integrity": "sha1-YV6CjiM90aubua4JUODOzPpuytg="
        },
        "debug": {
            "version": "3.1.0",
            "resolved": "https://registry.npmjs.org/debug/-/debug-3.1.0.tgz",
            "integrity": "sha512-OX8XqP7/1a9cqkxYw2yXss15f26NKWBpDXQd0/uK/KPqdQhxbPa994hnzjcE2VqQpDslf55723cKPUOGSmMY3g==",
            "requires": {
                "ms": "2.0.0"
            }
        },
        "dequeue": {
            "version": "1.0.3",
            "resolved": "https://registry.npmjs.org/dequeue/-/dequeue-1.0.3.tgz",
            "integrity": "sha1-MLj02i/CQJUaFdMbNSg+KbLeiXg="
        },
        "duplexify": {
            "version": "3.6.0",
            "resolved": "https://registry.npmjs.org/duplexify/-/duplexify-3.6.0.tgz",
            "integrity": "sha512-fO3Di4tBKJpYTFHAxTU00BcfWMY9w24r/x21a6rZRbsD/ToUgGxsMbiGRmB7uVAXeGKXD9MwiLZa5E97EVgIRQ==",
            "requires": {
                "end-of-stream": "1.4.1",
                "inherits": "2.0.3",
                "readable-stream": "2.3.6",
                "stream-shift": "1.0.0"
            },
            "dependencies": {
                "isarray": {
                    "version": "1.0.0",
                    "resolved": "https://registry.npmjs.org/isarray/-/isarray-1.0.0.tgz",
                    "integrity": "sha1-u5NdSFgsuhaMBoNJV6VKPgcSTxE="
                },
                "readable-stream": {
                    "version": "2.3.6",
                    "resolved": "https://registry.npmjs.org/readable-stream/-/readable-stream-2.3.6.tgz",
                    "integrity": "sha512-tQtKA9WIAhBF3+VLAseyMqZeBjW0AHJoxOtYqSUZNJxauErmLbVm2FW1y+J/YA9dUrAC39ITejlZWhVIwawkKw==",
                    "requires": {
                        "core-util-is": "1.0.2",
                        "inherits": "2.0.3",
                        "isarray": "1.0.0",
                        "process-nextick-args": "2.0.0",
                        "safe-buffer": "5.1.2",
                        "string_decoder": "1.1.1",
                        "util-deprecate": "1.0.2"
                    }
                },
                "string_decoder": {
                    "version": "1.1.1",
                    "resolved": "https://registry.npmjs.org/string_decoder/-/string_decoder-1.1.1.tgz",
                    "integrity": "sha512-n/ShnvDi6FHbbVfviro+WojiFzv+s8MPMHBczVePfUpDJLwoLT0ht1l4YwBCbi8pJAveEEdnkHyPyTP/mzRfwg==",
                    "requires": {
                        "safe-buffer": "5.1.2"
                    }
                }
            }
        },
        "end-of-stream": {
            "version": "1.4.1",
            "resolved": "https://registry.npmjs.org/end-of-stream/-/end-of-stream-1.4.1.tgz",
            "integrity": "sha512-1MkrZNvWTKCaigbn+W15elq2BB/L22nqrSY5DKlo3X6+vclJm8Bb5djXJBmEX6fS3+zCh/F4VBK5Z2KxJt4s2Q==",
            "requires": {
                "once": "1.4.0"
            }
        },
        "engine.io": {
            "version": "1.8.2",
            "resolved": "https://registry.npmjs.org/engine.io/-/engine.io-1.8.2.tgz",
            "integrity": "sha1-a1m+cws0jAElsKRYneHDVavPen4=",
            "requires": {
                "accepts": "1.3.3",
                "base64id": "1.0.0",
                "cookie": "0.3.1",
                "debug": "2.3.3",
                "engine.io-parser": "1.3.2",
                "ws": "1.1.1"
            },
            "dependencies": {
                "debug": {
                    "version": "2.3.3",
                    "resolved": "https://registry.npmjs.org/debug/-/debug-2.3.3.tgz",
                    "integrity": "sha1-QMRT5n5uE8kB3ewxeviYbNqe/4w=",
                    "requires": {
                        "ms": "0.7.2"
                    }
                },
                "ms": {
                    "version": "0.7.2",
                    "resolved": "https://registry.npmjs.org/ms/-/ms-0.7.2.tgz",
                    "integrity": "sha1-riXPJRKziFodldfwN4aNhDESR2U="
                }
            }
        },
        "engine.io-client": {
            "version": "1.8.2",
            "resolved": "https://registry.npmjs.org/engine.io-client/-/engine.io-client-1.8.2.tgz",
            "integrity": "sha1-w4dnVH8qfRhPV1L28K1QEAZwN2Y=",
            "requires": {
                "component-emitter": "1.2.1",
                "component-inherit": "0.0.3",
                "debug": "2.3.3",
                "engine.io-parser": "1.3.2",
                "has-cors": "1.1.0",
                "indexof": "0.0.1",
                "parsejson": "0.0.3",
                "parseqs": "0.0.5",
                "parseuri": "0.0.5",
                "ws": "1.1.1",
                "xmlhttprequest-ssl": "1.5.3",
                "yeast": "0.1.2"
            },
            "dependencies": {
                "component-emitter": {
                    "version": "1.2.1",
                    "resolved": "https://registry.npmjs.org/component-emitter/-/component-emitter-1.2.1.tgz",
                    "integrity": "sha1-E3kY1teCg/ffemt8WmPhQOaUJeY="
                },
                "debug": {
                    "version": "2.3.3",
                    "resolved": "https://registry.npmjs.org/debug/-/debug-2.3.3.tgz",
                    "integrity": "sha1-QMRT5n5uE8kB3ewxeviYbNqe/4w=",
                    "requires": {
                        "ms": "0.7.2"
                    }
                },
                "ms": {
                    "version": "0.7.2",
                    "resolved": "https://registry.npmjs.org/ms/-/ms-0.7.2.tgz",
                    "integrity": "sha1-riXPJRKziFodldfwN4aNhDESR2U="
                }
            }
        },
        "engine.io-parser": {
            "version": "1.3.2",
            "resolved": "https://registry.npmjs.org/engine.io-parser/-/engine.io-parser-1.3.2.tgz",
            "integrity": "sha1-k3sHnwAH0Ik+xW1GyyILjLQ1Igo=",
            "requires": {
                "after": "0.8.2",
                "arraybuffer.slice": "0.0.6",
                "base64-arraybuffer": "0.1.5",
                "blob": "0.0.4",
                "has-binary": "0.1.7",
                "wtf-8": "1.0.0"
            }
        },
        "eyes": {
            "version": "0.1.8",
            "resolved": "https://registry.npmjs.org/eyes/-/eyes-0.1.8.tgz",
            "integrity": "sha1-Ys8SAjTGg3hdkCNIqADvPgzCC8A="
        },
        "has-binary": {
            "version": "0.1.7",
            "resolved": "https://registry.npmjs.org/has-binary/-/has-binary-0.1.7.tgz",
            "integrity": "sha1-aOYesWIQyVRaClzOBqhzkS/h5ow=",
            "requires": {
                "isarray": "0.0.1"
            }
        },
        "has-cors": {
            "version": "1.1.0",
            "resolved": "https://registry.npmjs.org/has-cors/-/has-cors-1.1.0.tgz",
            "integrity": "sha1-XkdHk/fqmEPRu5nCPu9J/xJv/zk="
        },
        "indexof": {
            "version": "0.0.1",
            "resolved": "https://registry.npmjs.org/indexof/-/indexof-0.0.1.tgz",
            "integrity": "sha1-gtwzbSMrkGIXnQWrMpOmYFn9Q10="
        },
        "inherits": {
            "version": "2.0.3",
            "resolved": "https://registry.npmjs.org/inherits/-/inherits-2.0.3.tgz",
            "integrity": "sha1-Yzwsg+PaQqUC9SRmAiSA9CCCYd4="
        },
        "isarray": {
            "version": "0.0.1",
            "resolved": "https://registry.npmjs.org/isarray/-/isarray-0.0.1.tgz",
            "integrity": "sha1-ihis/Kmo9Bd+Cav8YDiTmwXR7t8="
        },
        "json3": {
            "version": "3.3.2",
            "resolved": "https://registry.npmjs.org/json3/-/json3-3.3.2.tgz",
            "integrity": "sha1-PAQ0dD35Pi9cQq7nsZvLSDV19OE="
        },
        "log4js": {
            "version": "3.0.5",
            "resolved": "https://registry.npmjs.org/log4js/-/log4js-3.0.5.tgz",
            "integrity": "sha512-IX5c3G/7fuTtdr0JjOT2OIR12aTESVhsH6cEsijloYwKgcPRlO6DgOU72v0UFhWcoV1HN6+M3dwT89qVPLXm0w==",
            "requires": {
                "circular-json": "0.5.5",
                "date-format": "1.2.0",
                "debug": "3.1.0",
                "rfdc": "1.1.2",
                "streamroller": "0.7.0"
            }
        },
        "mime-db": {
            "version": "1.35.0",
            "resolved": "https://registry.npmjs.org/mime-db/-/mime-db-1.35.0.tgz",
            "integrity": "sha512-JWT/IcCTsB0Io3AhWUMjRqucrHSPsSf2xKLaRldJVULioggvkJvggZ3VXNNSRkCddE6D+BUI4HEIZIA2OjwIvg=="
        },
        "mime-types": {
            "version": "2.1.19",
            "resolved": "https://registry.npmjs.org/mime-types/-/mime-types-2.1.19.tgz",
            "integrity": "sha512-P1tKYHVSZ6uFo26mtnve4HQFE3koh1UWVkp8YUC+ESBHe945xWSoXuHHiGarDqcEZ+whpCDnlNw5LON0kLo+sw==",
            "requires": {
                "mime-db": "1.35.0"
            }
        },
        "minimist": {
            "version": "0.0.8",
            "resolved": "https://registry.npmjs.org/minimist/-/minimist-0.0.8.tgz",
            "integrity": "sha1-hX/Kv8M5fSYluCKCYuhqp6ARsF0="
        },
        "mkdirp": {
            "version": "0.3.3",
            "resolved": "https://registry.npmjs.org/mkdirp/-/mkdirp-0.3.3.tgz",
            "integrity": "sha1-WV4lHBNww6aLqyE20ONIuBBa3xM="
        },
        "mqtt": {
            "version": "0.3.9",
            "resolved": "https://registry.npmjs.org/mqtt/-/mqtt-0.3.9.tgz",
            "integrity": "sha1-WNXroJbHI3JMxLUMmvLvhV4amVM=",
            "requires": {
                "bops": "0.1.1",
                "readable-stream": "1.0.34"
            }
        },
        "mqtt-connection": {
            "version": "3.0.0",
            "resolved": "https://registry.npmjs.org/mqtt-connection/-/mqtt-connection-3.0.0.tgz",
            "integrity": "sha1-Pqwcrp1KNuWrzCRFirWrpeae+Uk=",
            "requires": {
                "duplexify": "3.6.0",
                "inherits": "2.0.3",
                "mqtt-packet": "5.6.0",
                "through2": "2.0.3"
            }
        },
        "mqtt-packet": {
            "version": "5.6.0",
            "resolved": "https://registry.npmjs.org/mqtt-packet/-/mqtt-packet-5.6.0.tgz",
            "integrity": "sha512-QECe2ivqcR1LRsPobRsjenEKAC3i1a5gmm+jNKJLrsiq9PaSQ18LlKFuxvhGxWkvGEPadWv6rKd31O4ICqS1Xw==",
            "requires": {
                "bl": "1.2.2",
                "inherits": "2.0.3",
                "process-nextick-args": "2.0.0",
                "safe-buffer": "5.1.2"
            }
        },
        "ms": {
            "version": "2.0.0",
            "resolved": "https://registry.npmjs.org/ms/-/ms-2.0.0.tgz",
            "integrity": "sha1-VgiurfwAvmwpAd9fmGF4jeDVl8g="
        },
        "negotiator": {
            "version": "0.6.1",
            "resolved": "https://registry.npmjs.org/negotiator/-/negotiator-0.6.1.tgz",
            "integrity": "sha1-KzJxhOiZIQEXeyhWP7XnECrNDKk="
        },
        "node-bignumber": {
            "version": "1.2.1",
            "resolved": "https://registry.npmjs.org/node-bignumber/-/node-bignumber-1.2.1.tgz",
            "integrity": "sha1-JmyVUzUoOFOfZhyS5YYxvpeRfqU="
        },
        "node-uuid": {
            "version": "1.4.0",
            "resolved": "https://registry.npmjs.org/node-uuid/-/node-uuid-1.4.0.tgz",
            "integrity": "sha1-B/myM3Vy/2J1x3Xh1IUT86RdemU="
        },
        "object-assign": {
            "version": "4.1.0",
            "resolved": "https://registry.npmjs.org/object-assign/-/object-assign-4.1.0.tgz",
            "integrity": "sha1-ejs9DpgGPUP0wD8uiubNUahog6A="
        },
        "object-component": {
            "version": "0.0.3",
            "resolved": "https://registry.npmjs.org/object-component/-/object-component-0.0.3.tgz",
            "integrity": "sha1-8MaapQ78lbhmwYb0AKM3acsvEpE="
        },
        "once": {
            "version": "1.4.0",
            "resolved": "https://registry.npmjs.org/once/-/once-1.4.0.tgz",
            "integrity": "sha1-WDsap3WWHUsROsF9nFC6753Xa9E=",
            "requires": {
                "wrappy": "1.0.2"
            }
        },
        "options": {
            "version": "0.0.6",
            "resolved": "https://registry.npmjs.org/options/-/options-0.0.6.tgz",
            "integrity": "sha1-7CLTEoBrtT5zF3Pnza788cZDEo8="
        },
        "parsejson": {
            "version": "0.0.3",
            "resolved": "https://registry.npmjs.org/parsejson/-/parsejson-0.0.3.tgz",
            "integrity": "sha1-q343WfIJ7OmUN5c/fQ8fZK4OZKs=",
            "requires": {
                "better-assert": "1.0.2"
            }
        },
        "parseqs": {
            "version": "0.0.5",
            "resolved": "https://registry.npmjs.org/parseqs/-/parseqs-0.0.5.tgz",
            "integrity": "sha1-1SCKNzjkZ2bikbouoXNoSSGouJ0=",
            "requires": {
                "better-assert": "1.0.2"
            }
        },
        "parseuri": {
            "version": "0.0.5",
            "resolved": "https://registry.npmjs.org/parseuri/-/parseuri-0.0.5.tgz",
            "integrity": "sha1-gCBKUNTbt3m/3G6+J3jZDkvOMgo=",
            "requires": {
                "better-assert": "1.0.2"
            }
        },
        "pkginfo": {
            "version": "0.2.3",
            "resolved": "https://registry.npmjs.org/pkginfo/-/pkginfo-0.2.3.tgz",
            "integrity": "sha1-cjnEKl72wwuPMoQ52bn/cQQkkPg="
        },
        "pomelo": {
            "version": "2.2.5",
            "resolved": "https://registry.npmjs.org/pomelo/-/pomelo-2.2.5.tgz",
            "integrity": "sha1-GYrEy2pkheewwMYY7NjLfCwybeM=",
            "requires": {
                "async": "0.2.5",
                "cliff": "0.1.8",
                "commander": "2.0.0",
                "crc": "0.2.0",
                "mkdirp": "0.3.3",
                "mqtt": "0.3.9",
                "node-bignumber": "1.2.1",
                "pomelo-admin": "1.0.0",
                "pomelo-loader": "0.0.6",
                "pomelo-logger": "0.1.7",
                "pomelo-protobuf": "0.4.0",
                "pomelo-protocol": "0.1.6",
                "pomelo-rpc": "1.0.7",
                "pomelo-scheduler": "0.3.9",
                "seq-queue": "0.0.5",
                "socket.io": "1.7.2",
                "ws": "1.1.1"
            }
        },
        "pomelo-admin": {
            "version": "1.0.0",
            "resolved": "https://registry.npmjs.org/pomelo-admin/-/pomelo-admin-1.0.0.tgz",
            "integrity": "sha1-kX9ytSGvlbxTQmg6pOyHC+Z/gE4=",
            "requires": {
                "mqtt-connection": "3.0.0",
                "pomelo-monitor": "0.3.7",
                "pomelo-scheduler": "0.3.8"
            },
            "dependencies": {
                "pomelo-scheduler": {
                    "version": "0.3.8",
                    "resolved": "https://registry.npmjs.org/pomelo-scheduler/-/pomelo-scheduler-0.3.8.tgz",
                    "integrity": "sha1-ZKyciXrkRasfd9LTHcVCLY2qq20=",
                    "requires": {
                        "log4js": "3.0.5"
                    }
                }
            }
        },
        "pomelo-loader": {
            "version": "0.0.6",
            "resolved": "https://registry.npmjs.org/pomelo-loader/-/pomelo-loader-0.0.6.tgz",
            "integrity": "sha1-KMT+F/362ihrnUZ9FzyJgOuY9Dg="
        },
        "pomelo-logger": {
            "version": "0.1.7",
            "resolved": "https://registry.npmjs.org/pomelo-logger/-/pomelo-logger-0.1.7.tgz",
            "integrity": "sha1-skhvmVlDSmNuTzhbAiQej3wZEmU=",
            "requires": {
                "log4js": "0.6.21"
            },
            "dependencies": {
                "log4js": {
                    "version": "0.6.21",
                    "resolved": "https://registry.npmjs.org/log4js/-/log4js-0.6.21.tgz",
                    "integrity": "sha1-Z07QnvD/6RPCo1B09pe9BHu1O18=",
                    "requires": {
                        "async": "0.2.5",
                        "readable-stream": "1.0.34",
                        "semver": "1.1.4"
                    }
                }
            }
        },
        "pomelo-monitor": {
            "version": "0.3.7",
            "resolved": "https://registry.npmjs.org/pomelo-monitor/-/pomelo-monitor-0.3.7.tgz",
            "integrity": "sha1-DAEec+n4Fj+4tZD+idxXeGmlies="
        },
        "pomelo-protobuf": {
            "version": "0.4.0",
            "resolved": "https://registry.npmjs.org/pomelo-protobuf/-/pomelo-protobuf-0.4.0.tgz",
            "integrity": "sha1-5F6aCkRusYZn4MbhPutT1Hrdvag="
        },
        "pomelo-protocol": {
            "version": "0.1.6",
            "resolved": "https://registry.npmjs.org/pomelo-protocol/-/pomelo-protocol-0.1.6.tgz",
            "integrity": "sha1-0+DLU5JZY1wodTh3hSoNN9udMTs="
        },
        "pomelo-rpc": {
            "version": "1.0.7",
            "resolved": "https://registry.npmjs.org/pomelo-rpc/-/pomelo-rpc-1.0.7.tgz",
            "integrity": "sha1-L9zkRkN3BJoK9NHKjbd/u1Wy+c8=",
            "requires": {
                "async": "1.5.2",
                "bearcat-buffer": "0.1.1",
                "crc": "0.2.0",
                "mqtt-connection": "3.0.0",
                "node-uuid": "1.4.0",
                "pomelo-loader": "0.0.6",
                "pomelo-logger": "0.1.7",
                "stream-pkg": "0.0.5"
            },
            "dependencies": {
                "async": {
                    "version": "1.5.2",
                    "resolved": "https://registry.npmjs.org/async/-/async-1.5.2.tgz",
                    "integrity": "sha1-7GphrlZIDAw8skHJVhjiCJL5Zyo="
                }
            }
        },
        "pomelo-scheduler": {
            "version": "0.3.9",
            "resolved": "https://registry.npmjs.org/pomelo-scheduler/-/pomelo-scheduler-0.3.9.tgz",
            "integrity": "sha1-YcVDU5UlxcDRucby2ElgBp1hOeg=",
            "requires": {
                "log4js": "0.6.7"
            },
            "dependencies": {
                "async": {
                    "version": "0.1.15",
                    "resolved": "https://registry.npmjs.org/async/-/async-0.1.15.tgz",
                    "integrity": "sha1-IYDqyizypspSgNQcBYW+ybPkm9M="
                },
                "log4js": {
                    "version": "0.6.7",
                    "resolved": "https://registry.npmjs.org/log4js/-/log4js-0.6.7.tgz",
                    "integrity": "sha1-mp6qKO4FYHHHpijmKd3i5XNiu28=",
                    "requires": {
                        "async": "0.1.15",
                        "dequeue": "1.0.3",
                        "readable-stream": "1.0.34",
                        "semver": "1.1.4"
                    }
                }
            }
        },
        "process-nextick-args": {
            "version": "2.0.0",
            "resolved": "https://registry.npmjs.org/process-nextick-args/-/process-nextick-args-2.0.0.tgz",
            "integrity": "sha512-MtEC1TqN0EU5nephaJ4rAtThHtC86dNN9qCuEhtshvpVBkAW5ZO7BASN9REnF9eoXGcRub+pFuKEpOHE+HbEMw=="
        },
        "readable-stream": {
            "version": "1.0.34",
            "resolved": "https://registry.npmjs.org/readable-stream/-/readable-stream-1.0.34.tgz",
            "integrity": "sha1-Elgg40vIQtLyqq+v5MKRbuMsFXw=",
            "requires": {
                "core-util-is": "1.0.2",
                "inherits": "2.0.3",
                "isarray": "0.0.1",
                "string_decoder": "0.10.31"
            }
        },
        "request": {
            "version": "2.9.203",
            "resolved": "https://registry.npmjs.org/request/-/request-2.9.203.tgz",
            "integrity": "sha1-bBcRpUB/uUoRQhlWPkQUW8v0cjo="
        },
        "rfdc": {
            "version": "1.1.2",
            "resolved": "https://registry.npmjs.org/rfdc/-/rfdc-1.1.2.tgz",
            "integrity": "sha512-92ktAgvZhBzYTIK0Mja9uen5q5J3NRVMoDkJL2VMwq6SXjVCgqvQeVP2XAaUY6HT+XpQYeLSjb3UoitBryKmdA=="
        },
        "safe-buffer": {
            "version": "5.1.2",
            "resolved": "https://registry.npmjs.org/safe-buffer/-/safe-buffer-5.1.2.tgz",
            "integrity": "sha512-Gd2UZBJDkXlY7GbJxfsE8/nvKkUEU1G38c1siN6QP6a9PT9MmHB8GnpscSmMJSoF8LOIrt8ud/wPtojys4G6+g=="
        },
        "semver": {
            "version": "1.1.4",
            "resolved": "https://registry.npmjs.org/semver/-/semver-1.1.4.tgz",
            "integrity": "sha1-LlpOcrqwNHLMl/cnU7RQiRLvVUA="
        },
        "seq-queue": {
            "version": "0.0.5",
            "resolved": "https://registry.npmjs.org/seq-queue/-/seq-queue-0.0.5.tgz",
            "integrity": "sha1-1WgS4cAXpuTnw+Ojeh2m143TyT4="
        },
        "socket.io": {
            "version": "1.7.2",
            "resolved": "https://registry.npmjs.org/socket.io/-/socket.io-1.7.2.tgz",
            "integrity": "sha1-g7u98ueSY7N4kA2kA+eEPgXcO3E=",
            "requires": {
                "debug": "2.3.3",
                "engine.io": "1.8.2",
                "has-binary": "0.1.7",
                "object-assign": "4.1.0",
                "socket.io-adapter": "0.5.0",
                "socket.io-client": "1.7.2",
                "socket.io-parser": "2.3.1"
            },
            "dependencies": {
                "debug": {
                    "version": "2.3.3",
                    "resolved": "https://registry.npmjs.org/debug/-/debug-2.3.3.tgz",
                    "integrity": "sha1-QMRT5n5uE8kB3ewxeviYbNqe/4w=",
                    "requires": {
                        "ms": "0.7.2"
                    }
                },
                "ms": {
                    "version": "0.7.2",
                    "resolved": "https://registry.npmjs.org/ms/-/ms-0.7.2.tgz",
                    "integrity": "sha1-riXPJRKziFodldfwN4aNhDESR2U="
                }
            }
        },
        "socket.io-adapter": {
            "version": "0.5.0",
            "resolved": "https://registry.npmjs.org/socket.io-adapter/-/socket.io-adapter-0.5.0.tgz",
            "integrity": "sha1-y21LuL7IHhB4uZZ3+c7QBGBmu4s=",
            "requires": {
                "debug": "2.3.3",
                "socket.io-parser": "2.3.1"
            },
            "dependencies": {
                "debug": {
                    "version": "2.3.3",
                    "resolved": "https://registry.npmjs.org/debug/-/debug-2.3.3.tgz",
                    "integrity": "sha1-QMRT5n5uE8kB3ewxeviYbNqe/4w=",
                    "requires": {
                        "ms": "0.7.2"
                    }
                },
                "ms": {
                    "version": "0.7.2",
                    "resolved": "https://registry.npmjs.org/ms/-/ms-0.7.2.tgz",
                    "integrity": "sha1-riXPJRKziFodldfwN4aNhDESR2U="
                }
            }
        },
        "socket.io-client": {
            "version": "1.7.2",
            "resolved": "https://registry.npmjs.org/socket.io-client/-/socket.io-client-1.7.2.tgz",
            "integrity": "sha1-Of2ww91FDjIbfkDP2DYS7FM91kQ=",
            "requires": {
                "backo2": "1.0.2",
                "component-bind": "1.0.0",
                "component-emitter": "1.2.1",
                "debug": "2.3.3",
                "engine.io-client": "1.8.2",
                "has-binary": "0.1.7",
                "indexof": "0.0.1",
                "object-component": "0.0.3",
                "parseuri": "0.0.5",
                "socket.io-parser": "2.3.1",
                "to-array": "0.1.4"
            },
            "dependencies": {
                "component-emitter": {
                    "version": "1.2.1",
                    "resolved": "https://registry.npmjs.org/component-emitter/-/component-emitter-1.2.1.tgz",
                    "integrity": "sha1-E3kY1teCg/ffemt8WmPhQOaUJeY="
                },
                "debug": {
                    "version": "2.3.3",
                    "resolved": "https://registry.npmjs.org/debug/-/debug-2.3.3.tgz",
                    "integrity": "sha1-QMRT5n5uE8kB3ewxeviYbNqe/4w=",
                    "requires": {
                        "ms": "0.7.2"
                    }
                },
                "ms": {
                    "version": "0.7.2",
                    "resolved": "https://registry.npmjs.org/ms/-/ms-0.7.2.tgz",
                    "integrity": "sha1-riXPJRKziFodldfwN4aNhDESR2U="
                }
            }
        },
        "socket.io-parser": {
            "version": "2.3.1",
            "resolved": "https://registry.npmjs.org/socket.io-parser/-/socket.io-parser-2.3.1.tgz",
            "integrity": "sha1-3VMgJRA85Clpcya+/WQAX8/ltKA=",
            "requires": {
                "component-emitter": "1.1.2",
                "debug": "2.2.0",
                "isarray": "0.0.1",
                "json3": "3.3.2"
            },
            "dependencies": {
                "debug": {
                    "version": "2.2.0",
                    "resolved": "https://registry.npmjs.org/debug/-/debug-2.2.0.tgz",
                    "integrity": "sha1-+HBX6ZWxofauaklgZkE3vFbwOdo=",
                    "requires": {
                        "ms": "0.7.1"
                    }
                },
                "ms": {
                    "version": "0.7.1",
                    "resolved": "https://registry.npmjs.org/ms/-/ms-0.7.1.tgz",
                    "integrity": "sha1-nNE8A62/8ltl7/3nzoZO6VIBcJg="
                }
            }
        },
        "stack-trace": {
            "version": "0.0.10",
            "resolved": "https://registry.npmjs.org/stack-trace/-/stack-trace-0.0.10.tgz",
            "integrity": "sha1-VHxws0fo0ytOEI6hoqFZ5f3eGcA="
        },
        "stream-pkg": {
            "version": "0.0.5",
            "resolved": "https://registry.npmjs.org/stream-pkg/-/stream-pkg-0.0.5.tgz",
            "integrity": "sha1-kx/TMuLomR8GBEKUNBYL1qSC82U="
        },
        "stream-shift": {
            "version": "1.0.0",
            "resolved": "https://registry.npmjs.org/stream-shift/-/stream-shift-1.0.0.tgz",
            "integrity": "sha1-1cdSgl5TZ+eG944Y5EXqIjoVWVI="
        },
        "streamroller": {
            "version": "0.7.0",
            "resolved": "https://registry.npmjs.org/streamroller/-/streamroller-0.7.0.tgz",
            "integrity": "sha512-WREzfy0r0zUqp3lGO096wRuUp7ho1X6uo/7DJfTlEi0Iv/4gT7YHqXDjKC2ioVGBZtE8QzsQD9nx1nIuoZ57jQ==",
            "requires": {
                "date-format": "1.2.0",
                "debug": "3.1.0",
                "mkdirp": "0.5.1",
                "readable-stream": "2.3.6"
            },
            "dependencies": {
                "isarray": {
                    "version": "1.0.0",
                    "resolved": "https://registry.npmjs.org/isarray/-/isarray-1.0.0.tgz",
                    "integrity": "sha1-u5NdSFgsuhaMBoNJV6VKPgcSTxE="
                },
                "mkdirp": {
                    "version": "0.5.1",
                    "resolved": "https://registry.npmjs.org/mkdirp/-/mkdirp-0.5.1.tgz",
                    "integrity": "sha1-MAV0OOrGz3+MR2fzhkjWaX11yQM=",
                    "requires": {
                        "minimist": "0.0.8"
                    }
                },
                "readable-stream": {
                    "version": "2.3.6",
                    "resolved": "https://registry.npmjs.org/readable-stream/-/readable-stream-2.3.6.tgz",
                    "integrity": "sha512-tQtKA9WIAhBF3+VLAseyMqZeBjW0AHJoxOtYqSUZNJxauErmLbVm2FW1y+J/YA9dUrAC39ITejlZWhVIwawkKw==",
                    "requires": {
                        "core-util-is": "1.0.2",
                        "inherits": "2.0.3",
                        "isarray": "1.0.0",
                        "process-nextick-args": "2.0.0",
                        "safe-buffer": "5.1.2",
                        "string_decoder": "1.1.1",
                        "util-deprecate": "1.0.2"
                    }
                },
                "string_decoder": {
                    "version": "1.1.1",
                    "resolved": "https://registry.npmjs.org/string_decoder/-/string_decoder-1.1.1.tgz",
                    "integrity": "sha512-n/ShnvDi6FHbbVfviro+WojiFzv+s8MPMHBczVePfUpDJLwoLT0ht1l4YwBCbi8pJAveEEdnkHyPyTP/mzRfwg==",
                    "requires": {
                        "safe-buffer": "5.1.2"
                    }
                }
            }
        },
        "string_decoder": {
            "version": "0.10.31",
            "resolved": "https://registry.npmjs.org/string_decoder/-/string_decoder-0.10.31.tgz",
            "integrity": "sha1-YuIDvEF2bGwoyfyEMB2rHFMQ+pQ="
        },
        "through2": {
            "version": "2.0.3",
            "resolved": "https://registry.npmjs.org/through2/-/through2-2.0.3.tgz",
            "integrity": "sha1-AARWmzfHx0ujnEPzzteNGtlBQL4=",
            "requires": {
                "readable-stream": "2.3.6",
                "xtend": "4.0.1"
            },
            "dependencies": {
                "isarray": {
                    "version": "1.0.0",
                    "resolved": "https://registry.npmjs.org/isarray/-/isarray-1.0.0.tgz",
                    "integrity": "sha1-u5NdSFgsuhaMBoNJV6VKPgcSTxE="
                },
                "readable-stream": {
                    "version": "2.3.6",
                    "resolved": "https://registry.npmjs.org/readable-stream/-/readable-stream-2.3.6.tgz",
                    "integrity": "sha512-tQtKA9WIAhBF3+VLAseyMqZeBjW0AHJoxOtYqSUZNJxauErmLbVm2FW1y+J/YA9dUrAC39ITejlZWhVIwawkKw==",
                    "requires": {
                        "core-util-is": "1.0.2",
                        "inherits": "2.0.3",
                        "isarray": "1.0.0",
                        "process-nextick-args": "2.0.0",
                        "safe-buffer": "5.1.2",
                        "string_decoder": "1.1.1",
                        "util-deprecate": "1.0.2"
                    }
                },
                "string_decoder": {
                    "version": "1.1.1",
                    "resolved": "https://registry.npmjs.org/string_decoder/-/string_decoder-1.1.1.tgz",
                    "integrity": "sha512-n/ShnvDi6FHbbVfviro+WojiFzv+s8MPMHBczVePfUpDJLwoLT0ht1l4YwBCbi8pJAveEEdnkHyPyTP/mzRfwg==",
                    "requires": {
                        "safe-buffer": "5.1.2"
                    }
                }
            }
        },
        "to-array": {
            "version": "0.1.4",
            "resolved": "https://registry.npmjs.org/to-array/-/to-array-0.1.4.tgz",
            "integrity": "sha1-F+bBH3PdTz10zaek/zI46a2b+JA="
        },
        "to-utf8": {
            "version": "0.0.1",
            "resolved": "https://registry.npmjs.org/to-utf8/-/to-utf8-0.0.1.tgz",
            "integrity": "sha1-0Xrqcv8vujm55DYBvns/9y4ImFI="
        },
        "ultron": {
            "version": "1.0.2",
            "resolved": "https://registry.npmjs.org/ultron/-/ultron-1.0.2.tgz",
            "integrity": "sha1-rOEWq1V80Zc4ak6I9GhTeMiy5Po="
        },
        "util-deprecate": {
            "version": "1.0.2",
            "resolved": "https://registry.npmjs.org/util-deprecate/-/util-deprecate-1.0.2.tgz",
            "integrity": "sha1-RQ1Nyfpw3nMnYvvS1KKJgUGaDM8="
        },
        "winston": {
            "version": "0.6.2",
            "resolved": "https://registry.npmjs.org/winston/-/winston-0.6.2.tgz",
            "integrity": "sha1-QUT+JYbNwZphK/jANVkBMskGS9I=",
            "requires": {
                "async": "0.1.22",
                "colors": "0.6.2",
                "cycle": "1.0.3",
                "eyes": "0.1.8",
                "pkginfo": "0.2.3",
                "request": "2.9.203",
                "stack-trace": "0.0.10"
            },
            "dependencies": {
                "async": {
                    "version": "0.1.22",
                    "resolved": "https://registry.npmjs.org/async/-/async-0.1.22.tgz",
                    "integrity": "sha1-D8GqoIig4+8Ovi2IMbqw3PiEUGE="
                }
            }
        },
        "wrappy": {
            "version": "1.0.2",
            "resolved": "https://registry.npmjs.org/wrappy/-/wrappy-1.0.2.tgz",
            "integrity": "sha1-tSQ9jz7BqjXxNkYFvA0QNuMKtp8="
        },
        "ws": {
            "version": "1.1.1",
            "resolved": "https://registry.npmjs.org/ws/-/ws-1.1.1.tgz",
            "integrity": "sha1-CC3bbGQehdS7RR8D1S8G6r2x8Bg=",
            "requires": {
                "options": "0.0.6",
                "ultron": "1.0.2"
            }
        },
        "wtf-8": {
            "version": "1.0.0",
            "resolved": "https://registry.npmjs.org/wtf-8/-/wtf-8-1.0.0.tgz",
            "integrity": "sha1-OS2LotDxw00e4tYw8V0O+2jhBIo="
        },
        "xmlhttprequest-ssl": {
            "version": "1.5.3",
            "resolved": "https://registry.npmjs.org/xmlhttprequest-ssl/-/xmlhttprequest-ssl-1.5.3.tgz",
            "integrity": "sha1-GFqIjATspGw+QHDZn3tJ3jUomS0="
        },
        "xtend": {
            "version": "4.0.1",
            "resolved": "https://registry.npmjs.org/xtend/-/xtend-4.0.1.tgz",
            "integrity": "sha1-pcbVMr5lbiPbgg77lDofBJmNY68="
        },
        "yeast": {
            "version": "0.1.2",
            "resolved": "https://registry.npmjs.org/yeast/-/yeast-0.1.2.tgz",
            "integrity": "sha1-AI4G2AlDIMNy28L47XagymyKxBk="
        }
    }
}
